
Microsoft Visual Studio Solution File, Format Version 12.00
# Visual Studio Version 17
VisualStudioVersion = 17.3.32929.385
MinimumVisualStudioVersion = 10.0.40219.1
Project("{FAE04EC0-301F-11D3-BF4B-00C04F79EFBC}") = "Reflectly", "Reflectly.csproj", "{2FA8CEB5-3C3A-44FA-827D-A6B1F26F6687}"
EndProject
Project("{FAE04EC0-301F-11D3-BF4B-00C04F79EFBC}") = "Reflectly.Model", "..\Reflectly.Model\Reflectly.Model.csproj", "{7ECE80C4-065B-4405-9605-59264AD90C24}"
EndProject
Project("{FAE04EC0-301F-11D3-BF4B-00C04F79EFBC}") = "Reflectly.Services", "..\Reflectly.Services\Reflectly.Services.csproj", "{0D7FF114-9693-4D77-A140-7E9819D4E138}"
EndProject
Global
	GlobalSection(SolutionConfigurationPlatforms) = preSolution
		Debug|Any CPU = Debug|Any CPU
		Release|Any CPU = Release|Any CPU
	EndGlobalSection
	GlobalSection(ProjectConfigurationPlatforms) = postSolution
		{2FA8CEB5-3C3A-44FA-827D-A6B1F26F6687}.Debug|Any CPU.ActiveCfg = Debug|Any CPU
		{2FA8CEB5-3C3A-44FA-827D-A6B1F26F6687}.Debug|Any CPU.Build.0 = Debug|Any CPU
		{2FA8CEB5-3C3A-44FA-827D-A6B1F26F6687}.Release|Any CPU.ActiveCfg = Release|Any CPU
		{2FA8CEB5-3C3A-44FA-827D-A6B1F26F6687}.Release|Any CPU.Build.0 = Release|Any CPU
		{7ECE80C4-065B-4405-9605-59264AD90C24}.Debug|Any CPU.ActiveCfg = Debug|Any CPU
		{7ECE80C4-065B-4405-9605-59264AD90C24}.Debug|Any CPU.Build.0 = Debug|Any CPU
		{7ECE80C4-065B-4405-9605-59264AD90C24}.Release|Any CPU.ActiveCfg = Release|Any CPU
		{7ECE80C4-065B-4405-9605-59264AD90C24}.Release|Any CPU.Build.0 = Release|Any CPU
		{0D7FF114-9693-4D77-A140-7E9819D4E138}.Debug|Any CPU.ActiveCfg = Debug|Any CPU
		{0D7FF114-9693-4D77-A140-7E9819D4E138}.Debug|Any CPU.Build.0 = Debug|Any CPU
		{0D7FF114-9693-4D77-A140-7E9819D4E138}.Release|Any CPU.ActiveCfg = Release|Any CPU
		{0D7FF114-9693-4D77-A140-7E9819D4E138}.Release|Any CPU.Build.0 = Release|Any CPU
	EndGlobalSection
	GlobalSection(SolutionProperties) = preSolution
		HideSolutionNode = FALSE
	EndGlobalSection
	GlobalSection(ExtensibilityGlobals) = postSolution
		SolutionGuid = {F5D094F4-876A-4E6A-BAF9-5CEB28636430}
	EndGlobalSection
EndGlobal
